
Microsoft Visual Studio Solution File, Format Version 12.00
# Visual Studio Version 16
VisualStudioVersion = 16.0.30611.23
MinimumVisualStudioVersion = 10.0.40219.1
Project("{FAE04EC0-301F-11D3-BF4B-00C04F79EFBC}") = "DataGridViewClass", "DataGridViewClass\DataGridViewClass.csproj", "{D08EB3A7-B0AB-44E0-B68A-C21E7B80E2A3}"
EndProject
Global
	GlobalSection(SolutionConfigurationPlatforms) = preSolution
		Debug|Any CPU = Debug|Any CPU
		Release|Any CPU = Release|Any CPU
	EndGlobalSection
	GlobalSection(ProjectConfigurationPlatforms) = postSolution
		{D08EB3A7-B0AB-44E0-B68A-C21E7B80E2A3}.Debug|Any CPU.ActiveCfg = Debug|Any CPU
		{D08EB3A7-B0AB-44E0-B68A-C21E7B80E2A3}.Debug|Any CPU.Build.0 = Debug|Any CPU
		{D08EB3A7-B0AB-44E0-B68A-C21E7B80E2A3}.Release|Any CPU.ActiveCfg = Release|Any CPU
		{D08EB3A7-B0AB-44E0-B68A-C21E7B80E2A3}.Release|Any CPU.Build.0 = Release|Any CPU
	EndGlobalSection
	GlobalSection(SolutionProperties) = preSolution
		HideSolutionNode = FALSE
	EndGlobalSection
	GlobalSection(ExtensibilityGlobals) = postSolution
		SolutionGuid = {362D5BA3-69A6-42E0-99AF-C7F1BA32B047}
	EndGlobalSection
EndGlobal
